// !$*UTF8*$!
{
	archiveVersion = 1;
	classes = {
	};
	objectVersion = 46;
	objects = {

/* Begin PBXBuildFile section */
		318323981A86D97D00A6131C /* AppDelegate.swift in Sources */ = {isa = PBXBuildFile; fileRef = 318323971A86D97D00A6131C /* AppDelegate.swift */; };
		3183239A1A86D97D00A6131C /* ViewController.swift in Sources */ = {isa = PBXBuildFile; fileRef = 318323991A86D97D00A6131C /* ViewController.swift */; };
		3183239D1A86D97D00A6131C /* Main.storyboard in Resources */ = {isa = PBXBuildFile; fileRef = 3183239B1A86D97D00A6131C /* Main.storyboard */; };
		3183239F1A86D97D00A6131C /* Images.xcassets in Resources */ = {isa = PBXBuildFile; fileRef = 3183239E1A86D97D00A6131C /* Images.xcassets */; };
		318323A21A86D97D00A6131C /* LaunchScreen.xib in Resources */ = {isa = PBXBuildFile; fileRef = 318323A01A86D97D00A6131C /* LaunchScreen.xib */; };
		318323AE1A86D97D00A6131C /* PrioritizeTests.swift in Sources */ = {isa = PBXBuildFile; fileRef = 318323AD1A86D97D00A6131C /* PrioritizeTests.swift */; };
/* End PBXBuildFile section */

/* Begin PBXContainerItemProxy section */
		318323A81A86D97D00A6131C /* PBXContainerItemProxy */ = {
			isa = PBXContainerItemProxy;
			containerPortal = 3183238A1A86D97D00A6131C /* Project object */;
			proxyType = 1;
			remoteGlobalIDString = 318323911A86D97D00A6131C;
			remoteInfo = Prioritize;
		};
/* End PBXContainerItemProxy section */

/* Begin PBXFileReference section */
		318323921A86D97D00A6131C /* Prioritize.app */ = {isa = PBXFileReference; explicitFileType = wrapper.application; includeInIndex = 0; path = Prioritize.app; sourceTree = BUILT_PRODUCTS_DIR; };
		318323961A86D97D00A6131C /* Info.plist */ = {isa = PBXFileReference; lastKnownFileType = text.plist.xml; path = Info.plist; sourceTree = "<group>"; };
		318323971A86D97D00A6131C /* AppDelegate.swift */ = {isa = PBXFileReference; lastKnownFileType = sourcecode.swift; path = AppDelegate.swift; sourceTree = "<group>"; };
		318323991A86D97D00A6131C /* ViewController.swift */ = {isa = PBXFileReference; lastKnownFileType = sourcecode.swift; path = ViewController.swift; sourceTree = "<group>"; };
		3183239C1A86D97D00A6131C /* Base */ = {isa = PBXFileReference; lastKnownFileType = file.storyboard; name = Base; path = Base.lproj/Main.storyboard; sourceTree = "<group>"; };
		3183239E1A86D97D00A6131C /* Images.xcassets */ = {isa = PBXFileReference; lastKnownFileType = folder.assetcatalog; path = Images.xcassets; sourceTree = "<group>"; };
		318323A11A86D97D00A6131C /* Base */ = {isa = PBXFileReference; lastKnownFileType = file.xib; name = Base; path = Base.lproj/LaunchScreen.xib; sourceTree = "<group>"; };
		318323A71A86D97D00A6131C /* PrioritizeTests.xctest */ = {isa = PBXFileReference; explicitFileType = wrapper.cfbundle; includeInIndex = 0; path = PrioritizeTests.xctest; sourceTree = BUILT_PRODUCTS_DIR; };
		318323AC1A86D97D00A6131C /* Info.plist */ = {isa = PBXFileReference; lastKnownFileType = text.plist.xml; path = Info.plist; sourceTree = "<group>"; };
		318323AD1A86D97D00A6131C /* PrioritizeTests.swift */ = {isa = PBXFileReference; lastKnownFileType = sourcecode.swift; path = PrioritizeTests.swift; sourceTree = "<group>"; };
/* End PBXFileReference section */

/* Begin PBXFrameworksBuildPhase section */
		3183238F1A86D97D00A6131C /* Frameworks */ = {
			isa = PBXFrameworksBuildPhase;
			buildActionMask = 2147483647;
			files = (
			);
			runOnlyForDeploymentPostprocessing = 0;
		};
		318323A41A86D97D00A6131C /* Frameworks */ = {
			isa = PBXFrameworksBuildPhase;
			buildActionMask = 2147483647;
			files = (
			);
			runOnlyForDeploymentPostprocessing = 0;
		};
/* End PBXFrameworksBuildPhase section */

/* Begin PBXGroup section */
		318323891A86D97D00A6131C = {
			isa = PBXGroup;
			children = (
				318323941A86D97D00A6131C /* Prioritize */,
				318323AA1A86D97D00A6131C /* PrioritizeTests */,
				318323931A86D97D00A6131C /* Products */,
			);
			sourceTree = "<group>";
		};
		318323931A86D97D00A6131C /* Products */ = {
			isa = PBXGroup;
			children = (
				318323921A86D97D00A6131C /* Prioritize.app */,
				318323A71A86D97D00A6131C /* PrioritizeTests.xctest */,
			);
			name = Products;
			sourceTree = "<group>";
		};
		318323941A86D97D00A6131C /* Prioritize */ = {
			isa = PBXGroup;
			children = (
				318323971A86D97D00A6131C /* AppDelegate.swift */,
				318323991A86D97D00A6131C /* ViewController.swift */,
				3183239B1A86D97D00A6131C /* Main.storyboard */,
				3183239E1A86D97D00A6131C /* Images.xcassets */,
				318323A01A86D97D00A6131C /* LaunchScreen.xib */,
				318323951A86D97D00A6131C /* Supporting Files */,
			);
			path = Prioritize;
			sourceTree = "<group>";
		};
		318323951A86D97D00A6131C /* Supporting Files */ = {
			isa = PBXGroup;
			children = (
				318323961A86D97D00A6131C /* Info.plist */,
			);
			name = "Supporting Files";
			sourceTree = "<group>";
		};
		318323AA1A86D97D00A6131C /* PrioritizeTests */ = {
			isa = PBXGroup;
			children = (
				318323AD1A86D97D00A6131C /* PrioritizeTests.swift */,
				318323AB1A86D97D00A6131C /* Supporting Files */,
			);
			path = PrioritizeTests;
			sourceTree = "<group>";
		};
		318323AB1A86D97D00A6131C /* Supporting Files */ = {
			isa = PBXGroup;
			children = (
				318323AC1A86D97D00A6131C /* Info.plist */,
			);
			name = "Supporting Files";
			sourceTree = "<group>";
		};
/* End PBXGroup section */

/* Begin PBXNativeTarget section */
		318323911A86D97D00A6131C /* Prioritize */ = {
			isa = PBXNativeTarget;
			buildConfigurationList = 318323B11A86D97D00A6131C /* Build configuration list for PBXNativeTarget "Prioritize" */;
			buildPhases = (
				3183238E1A86D97D00A6131C /* Sources */,
				3183238F1A86D97D00A6131C /* Frameworks */,
				318323901A86D97D00A6131C /* Resources */,
			);
			buildRules = (
			);
			dependencies = (
			);
			name = Prioritize;
			productName = Prioritize;
			productReference = 318323921A86D97D00A6131C /* Prioritize.app */;
			productType = "com.apple.product-type.application";
		};
		318323A61A86D97D00A6131C /* PrioritizeTests */ = {
			isa = PBXNativeTarget;
			buildConfigurationList = 318323B41A86D97D00A6131C /* Build configuration list for PBXNativeTarget "PrioritizeTests" */;
			buildPhases = (
				318323A31A86D97D00A6131C /* Sources */,
				318323A41A86D97D00A6131C /* Frameworks */,
				318323A51A86D97D00A6131C /* Resources */,
			);
			buildRules = (
			);
			dependencies = (
				318323A91A86D97D00A6131C /* PBXTargetDependency */,
			);
			name = PrioritizeTests;
			productName = PrioritizeTests;
			productReference = 318323A71A86D97D00A6131C /* PrioritizeTests.xctest */;
			productType = "com.apple.product-type.bundle.unit-test";
		};
/* End PBXNativeTarget section */

/* Begin PBXProject section */
		3183238A1A86D97D00A6131C /* Project object */ = {
			isa = PBXProject;
			attributes = {
				LastUpgradeCheck = 0620;
				ORGANIZATIONNAME = "Nikhil D'Souza";
				TargetAttributes = {
					318323911A86D97D00A6131C = {
						CreatedOnToolsVersion = 6.2;
					};
					318323A61A86D97D00A6131C = {
						CreatedOnToolsVersion = 6.2;
						TestTargetID = 318323911A86D97D00A6131C;
					};
				};
			};
			buildConfigurationList = 3183238D1A86D97D00A6131C /* Build configuration list for PBXProject "Prioritize" */;
			compatibilityVersion = "Xcode 3.2";
			developmentRegion = English;
			hasScannedForEncodings = 0;
			knownRegions = (
				en,
				Base,
			);
			mainGroup = 318323891A86D97D00A6131C;
			productRefGroup = 318323931A86D97D00A6131C /* Products */;
			projectDirPath = "";
			projectRoot = "";
			targets = (
				318323911A86D97D00A6131C /* Prioritize */,
				318323A61A86D97D00A6131C /* PrioritizeTests */,
			);
		};
/* End PBXProject section */

/* Begin PBXResourcesBuildPhase section */
		318323901A86D97D00A6131C /* Resources */ = {
			isa = PBXResourcesBuildPhase;
			buildActionMask = 2147483647;
			files = (
				3183239D1A86D97D00A6131C /* Main.storyboard in Resources */,
				318323A21A86D97D00A6131C /* LaunchScreen.xib in Resources */,
				3183239F1A86D97D00A6131C /* Images.xcassets in Resources */,
			);
			runOnlyForDeploymentPostprocessing = 0;
		};
		318323A51A86D97D00A6131C /* Resources */ = {
			isa = PBXResourcesBuildPhase;
			buildActionMask = 2147483647;
			files = (
			);
			runOnlyForDeploymentPostprocessing = 0;
		};
/* End PBXResourcesBuildPhase section */

/* Begin PBXSourcesBuildPhase section */
		3183238E1A86D97D00A6131C /* Sources */ = {
			isa = PBXSourcesBuildPhase;
			buildActionMask = 2147483647;
			files = (
				3183239A1A86D97D00A6131C /* ViewController.swift in Sources */,
				318323981A86D97D00A6131C /* AppDelegate.swift in Sources */,
			);
			runOnlyForDeploymentPostprocessing = 0;
		};
		318323A31A86D97D00A6131C /* Sources */ = {
			isa = PBXSourcesBuildPhase;
			buildActionMask = 2147483647;
			files = (
				318323AE1A86D97D00A6131C /* PrioritizeTests.swift in Sources */,
			);
			runOnlyForDeploymentPostprocessing = 0;
		};
/* End PBXSourcesBuildPhase section */

/* Begin PBXTargetDependency section */
		318323A91A86D97D00A6131C /* PBXTargetDependency */ = {
			isa = PBXTargetDependency;
			target = 318323911A86D97D00A6131C /* Prioritize */;
			targetProxy = 318323A81A86D97D00A6131C /* PBXContainerItemProxy */;
		};
/* End PBXTargetDependency section */

/* Begin PBXVariantGroup section */
		3183239B1A86D97D00A6131C /* Main.storyboard */ = {
			isa = PBXVariantGroup;
			children = (
				3183239C1A86D97D00A6131C /* Base */,
			);
			name = Main.storyboard;
			sourceTree = "<group>";
		};
		318323A01A86D97D00A6131C /* LaunchScreen.xib */ = {
			isa = PBXVariantGroup;
			children = (
				318323A11A86D97D00A6131C /* Base */,
			);
			name = LaunchScreen.xib;
			sourceTree = "<group>";
		};
/* End PBXVariantGroup section */

/* Begin XCBuildConfiguration section */
		318323AF1A86D97D00A6131C /* Debug */ = {
			isa = XCBuildConfiguration;
			buildSettings = {
				ALWAYS_SEARCH_USER_PATHS = NO;
				CLANG_CXX_LANGUAGE_STANDARD = "gnu++0x";
				CLANG_CXX_LIBRARY = "libc++";
				CLANG_ENABLE_MODULES = YES;
				CLANG_ENABLE_OBJC_ARC = YES;
				CLANG_WARN_BOOL_CONVERSION = YES;
				CLANG_WARN_CONSTANT_CONVERSION = YES;
				CLANG_WARN_DIRECT_OBJC_ISA_USAGE = YES_ERROR;
				CLANG_WARN_EMPTY_BODY = YES;
				CLANG_WARN_ENUM_CONVERSION = YES;
				CLANG_WARN_INT_CONVERSION = YES;
				CLANG_WARN_OBJC_ROOT_CLASS = YES_ERROR;
				CLANG_WARN_UNREACHABLE_CODE = YES;
				CLANG_WARN__DUPLICATE_METHOD_MATCH = YES;
				"CODE_SIGN_IDENTITY[sdk=iphoneos*]" = "iPhone Developer";
				COPY_PHASE_STRIP = NO;
				ENABLE_STRICT_OBJC_MSGSEND = YES;
				GCC_C_LANGUAGE_STANDARD = gnu99;
				GCC_DYNAMIC_NO_PIC = NO;
				GCC_OPTIMIZATION_LEVEL = 0;
				GCC_PREPROCESSOR_DEFINITIONS = (
					"DEBUG=1",
					"$(inherited)",
				);
				GCC_SYMBOLS_PRIVATE_EXTERN = NO;
				GCC_WARN_64_TO_32_BIT_CONVERSION = YES;
				GCC_WARN_ABOUT_RETURN_TYPE = YES_ERROR;
				GCC_WARN_UNDECLARED_SELECTOR = YES;
				GCC_WARN_UNINITIALIZED_AUTOS = YES_AGGRESSIVE;
				GCC_WARN_UNUSED_FUNCTION = YES;
				GCC_WARN_UNUSED_VARIABLE = YES;
				IPHONEOS_DEPLOYMENT_TARGET = 8.2;
				MTL_ENABLE_DEBUG_INFO = YES;
				ONLY_ACTIVE_ARCH = YES;
				SDKROOT = iphoneos;
				SWIFT_OPTIMIZATION_LEVEL = "-Onone";
			};
			name = Debug;
		};
		318323B01A86D97D00A6131C /* Release */ = {
			isa = XCBuildConfiguration;
			buildSettings = {
				ALWAYS_SEARCH_USER_PATHS = NO;
				CLANG_CXX_LANGUAGE_STANDARD = "gnu++0x";
				CLANG_CXX_LIBRARY = "libc++";
				CLANG_ENABLE_MODULES = YES;
				CLANG_ENABLE_OBJC_ARC = YES;
				CLANG_WARN_BOOL_CONVERSION = YES;
				CLANG_WARN_CONSTANT_CONVERSION = YES;
				CLANG_WARN_DIRECT_OBJC_ISA_USAGE = YES_ERROR;
				CLANG_WARN_EMPTY_BODY = YES;
				CLANG_WARN_ENUM_CONVERSION = YES;
				CLANG_WARN_INT_CONVERSION = YES;
				CLANG_WARN_OBJC_ROOT_CLASS = YES_ERROR;
				CLANG_WARN_UNREACHABLE_CODE = YES;
				CLANG_WARN__DUPLICATE_METHOD_MATCH = YES;
				"CODE_SIGN_IDENTITY[sdk=iphoneos*]" = "iPhone Developer";
				COPY_PHASE_STRIP = YES;
				ENABLE_NS_ASSERTIONS = NO;
				ENABLE_STRICT_OBJC_MSGSEND = YES;
				GCC_C_LANGUAGE_STANDARD = gnu99;
				GCC_WARN_64_TO_32_BIT_CONVERSION = YES;
				GCC_WARN_ABOUT_RETURN_TYPE = YES_ERROR;
				GCC_WARN_UNDECLARED_SELECTOR = YES;
				GCC_WARN_UNINITIALIZED_AUTOS = YES_AGGRESSIVE;
				GCC_WARN_UNUSED_FUNCTION = YES;
				GCC_WARN_UNUSED_VARIABLE = YES;
				IPHONEOS_DEPLOYMENT_TARGET = 8.2;
				MTL_ENABLE_DEBUG_INFO = NO;
				SDKROOT = iphoneos;
				VALIDATE_PRODUCT = YES;
			};
			name = Release;
		};
		318323B21A86D97D00A6131C /* Debug */ = {
			isa = XCBuildConfiguration;
			buildSettings = {
				ASSETCATALOG_COMPILER_APPICON_NAME = AppIcon;
				INFOPLIST_FILE = Prioritize/Info.plist;
				LD_RUNPATH_SEARCH_PATHS = "$(inherited) @executable_path/Frameworks";
				PRODUCT_NAME = "$(TARGET_NAME)";
			};
			name = Debug;
		};
		318323B31A86D97D00A6131C /* Release */ = {
			isa = XCBuildConfiguration;
			buildSettings = {
				ASSETCATALOG_COMPILER_APPICON_NAME = AppIcon;
				INFOPLIST_FILE = Prioritize/Info.plist;
				LD_RUNPATH_SEARCH_PATHS = "$(inherited) @executable_path/Frameworks";
				PRODUCT_NAME = "$(TARGET_NAME)";
			};
			name = Release;
		};
		318323B51A86D97D00A6131C /* Debug */ = {
			isa = XCBuildConfiguration;
			buildSettings = {
				BUNDLE_LOADER = "$(TEST_HOST)";
				FRAMEWORK_SEARCH_PATHS = (
					"$(SDKROOT)/Developer/Library/Frameworks",
					"$(inherited)",
				);
				GCC_PREPROCESSOR_DEFINITIONS = (
					"DEBUG=1",
					"$(inherited)",
				);
				INFOPLIST_FILE = PrioritizeTests/Info.plist;
				LD_RUNPATH_SEARCH_PATHS = "$(inherited) @executable_path/Frameworks @loader_path/Frameworks";
				PRODUCT_NAME = "$(TARGET_NAME)";
				TEST_HOST = "$(BUILT_PRODUCTS_DIR)/Prioritize.app/Prioritize";
			};
			name = Debug;
		};
		318323B61A86D97D00A6131C /* Release */ = {
			isa = XCBuildConfiguration;
			buildSettings = {
				BUNDLE_LOADER = "$(TEST_HOST)";
				FRAMEWORK_SEARCH_PATHS = (
					"$(SDKROOT)/Developer/Library/Frameworks",
					"$(inherited)",
				);
				INFOPLIST_FILE = PrioritizeTests/Info.plist;
				LD_RUNPATH_SEARCH_PATHS = "$(inherited) @executable_path/Frameworks @loader_path/Frameworks";
				PRODUCT_NAME = "$(TARGET_NAME)";
				TEST_HOST = "$(BUILT_PRODUCTS_DIR)/Prioritize.app/Prioritize";
			};
			name = Release;
		};
/* End XCBuildConfiguration section */

/* Begin XCConfigurationList section */
		3183238D1A86D97D00A6131C /* Build configuration list for PBXProject "Prioritize" */ = {
			isa = XCConfigurationList;
			buildConfigurations = (
				318323AF1A86D97D00A6131C /* Debug */,
				318323B01A86D97D00A6131C /* Release */,
			);
			defaultConfigurationIsVisible = 0;
			defaultConfigurationName = Release;
		};
		318323B11A86D97D00A6131C /* Build configuration list for PBXNativeTarget "Prioritize" */ = {
			isa = XCConfigurationList;
			buildConfigurations = (
				318323B21A86D97D00A6131C /* Debug */,
				318323B31A86D97D00A6131C /* Release */,
			);
			defaultConfigurationIsVisible = 0;
		};
		318323B41A86D97D00A6131C /* Build configuration list for PBXNativeTarget "PrioritizeTests" */ = {
			isa = XCConfigurationList;
			buildConfigurations = (
				318323B51A86D97D00A6131C /* Debug */,
				318323B61A86D97D00A6131C /* Release */,
			);
			defaultConfigurationIsVisible = 0;
		};
/* End XCConfigurationList section */
	};
	rootObject = 3183238A1A86D97D00A6131C /* Project object */;
}
